// !$*UTF8*$!
{
	archiveVersion = 1;
	classes = {
	};
	objectVersion = 55;
	objects = {

/* Begin PBXBuildFile section */
		063AFB4A29EDC45B003C6550 /* RapidBookingApp.swift in Sources */ = {isa = PBXBuildFile; fileRef = 063AFB4929EDC45B003C6550 /* RapidBookingApp.swift */; };
		063AFB4C29EDC45B003C6550 /* ContentView.swift in Sources */ = {isa = PBXBuildFile; fileRef = 063AFB4B29EDC45B003C6550 /* ContentView.swift */; };
		063AFB4E29EDC47E003C6550 /* Assets.xcassets in Resources */ = {isa = PBXBuildFile; fileRef = 063AFB4D29EDC47E003C6550 /* Assets.xcassets */; };
		063AFB5129EDC47E003C6550 /* Preview Assets.xcassets in Resources */ = {isa = PBXBuildFile; fileRef = 063AFB5029EDC47E003C6550 /* Preview Assets.xcassets */; };
		063AFB5329EDC47E003C6550 /* Persistence.swift in Sources */ = {isa = PBXBuildFile; fileRef = 063AFB5229EDC47E003C6550 /* Persistence.swift */; };
		063AFB5629EDC47E003C6550 /* RapidBooking.xcdatamodeld in Sources */ = {isa = PBXBuildFile; fileRef = 063AFB5429EDC47E003C6550 /* RapidBooking.xcdatamodeld */; };
		063AFB6029EDC47F003C6550 /* RapidBookingTests.swift in Sources */ = {isa = PBXBuildFile; fileRef = 063AFB5F29EDC47F003C6550 /* RapidBookingTests.swift */; };
		063AFB6A29EDC47F003C6550 /* RapidBookingUITests.swift in Sources */ = {isa = PBXBuildFile; fileRef = 063AFB6929EDC47F003C6550 /* RapidBookingUITests.swift */; };
		063AFB6C29EDC47F003C6550 /* RapidBookingUITestsLaunchTests.swift in Sources */ = {isa = PBXBuildFile; fileRef = 063AFB6B29EDC47F003C6550 /* RapidBookingUITestsLaunchTests.swift */; };
/* End PBXBuildFile section */

/* Begin PBXContainerItemProxy section */
		063AFB5C29EDC47F003C6550 /* PBXContainerItemProxy */ = {
			isa = PBXContainerItemProxy;
			containerPortal = 063AFB3E29EDC45B003C6550 /* Project object */;
			proxyType = 1;
			remoteGlobalIDString = 063AFB4529EDC45B003C6550;
			remoteInfo = RapidBooking;
		};
		063AFB6629EDC47F003C6550 /* PBXContainerItemProxy */ = {
			isa = PBXContainerItemProxy;
			containerPortal = 063AFB3E29EDC45B003C6550 /* Project object */;
			proxyType = 1;
			remoteGlobalIDString = 063AFB4529EDC45B003C6550;
			remoteInfo = RapidBooking;
		};
/* End PBXContainerItemProxy section */

/* Begin PBXFileReference section */
		063AFB4629EDC45B003C6550 /* RapidBooking.app */ = {isa = PBXFileReference; explicitFileType = wrapper.application; includeInIndex = 0; path = RapidBooking.app; sourceTree = BUILT_PRODUCTS_DIR; };
		063AFB4929EDC45B003C6550 /* RapidBookingApp.swift */ = {isa = PBXFileReference; lastKnownFileType = sourcecode.swift; path = RapidBookingApp.swift; sourceTree = "<group>"; };
		063AFB4B29EDC45B003C6550 /* ContentView.swift */ = {isa = PBXFileReference; lastKnownFileType = sourcecode.swift; path = ContentView.swift; sourceTree = "<group>"; };
		063AFB4D29EDC47E003C6550 /* Assets.xcassets */ = {isa = PBXFileReference; lastKnownFileType = folder.assetcatalog; path = Assets.xcassets; sourceTree = "<group>"; };
		063AFB5029EDC47E003C6550 /* Preview Assets.xcassets */ = {isa = PBXFileReference; lastKnownFileType = folder.assetcatalog; path = "Preview Assets.xcassets"; sourceTree = "<group>"; };
		063AFB5229EDC47E003C6550 /* Persistence.swift */ = {isa = PBXFileReference; lastKnownFileType = sourcecode.swift; path = Persistence.swift; sourceTree = "<group>"; };
		063AFB5529EDC47E003C6550 /* RapidBooking.xcdatamodel */ = {isa = PBXFileReference; lastKnownFileType = wrapper.xcdatamodel; path = RapidBooking.xcdatamodel; sourceTree = "<group>"; };
		063AFB5B29EDC47F003C6550 /* RapidBookingTests.xctest */ = {isa = PBXFileReference; explicitFileType = wrapper.cfbundle; includeInIndex = 0; path = RapidBookingTests.xctest; sourceTree = BUILT_PRODUCTS_DIR; };
		063AFB5F29EDC47F003C6550 /* RapidBookingTests.swift */ = {isa = PBXFileReference; lastKnownFileType = sourcecode.swift; path = RapidBookingTests.swift; sourceTree = "<group>"; };
		063AFB6529EDC47F003C6550 /* RapidBookingUITests.xctest */ = {isa = PBXFileReference; explicitFileType = wrapper.cfbundle; includeInIndex = 0; path = RapidBookingUITests.xctest; sourceTree = BUILT_PRODUCTS_DIR; };
		063AFB6929EDC47F003C6550 /* RapidBookingUITests.swift */ = {isa = PBXFileReference; lastKnownFileType = sourcecode.swift; path = RapidBookingUITests.swift; sourceTree = "<group>"; };
		063AFB6B29EDC47F003C6550 /* RapidBookingUITestsLaunchTests.swift */ = {isa = PBXFileReference; lastKnownFileType = sourcecode.swift; path = RapidBookingUITestsLaunchTests.swift; sourceTree = "<group>"; };
/* End PBXFileReference section */

/* Begin PBXFrameworksBuildPhase section */
		063AFB4329EDC45B003C6550 /* Frameworks */ = {
			isa = PBXFrameworksBuildPhase;
			buildActionMask = 2147483647;
			files = (
			);
			runOnlyForDeploymentPostprocessing = 0;
		};
		063AFB5829EDC47F003C6550 /* Frameworks */ = {
			isa = PBXFrameworksBuildPhase;
			buildActionMask = 2147483647;
			files = (
			);
			runOnlyForDeploymentPostprocessing = 0;
		};
		063AFB6229EDC47F003C6550 /* Frameworks */ = {
			isa = PBXFrameworksBuildPhase;
			buildActionMask = 2147483647;
			files = (
			);
			runOnlyForDeploymentPostprocessing = 0;
		};
/* End PBXFrameworksBuildPhase section */

/* Begin PBXGroup section */
		063AFB3D29EDC45B003C6550 = {
			isa = PBXGroup;
			children = (
				063AFB4829EDC45B003C6550 /* RapidBooking */,
				063AFB5E29EDC47F003C6550 /* RapidBookingTests */,
				063AFB6829EDC47F003C6550 /* RapidBookingUITests */,
				063AFB4729EDC45B003C6550 /* Products */,
			);
			sourceTree = "<group>";
		};
		063AFB4729EDC45B003C6550 /* Products */ = {
			isa = PBXGroup;
			children = (
				063AFB4629EDC45B003C6550 /* RapidBooking.app */,
				063AFB5B29EDC47F003C6550 /* RapidBookingTests.xctest */,
				063AFB6529EDC47F003C6550 /* RapidBookingUITests.xctest */,
			);
			name = Products;
			sourceTree = "<group>";
		};
		063AFB4829EDC45B003C6550 /* RapidBooking */ = {
			isa = PBXGroup;
			children = (
				063AFB4929EDC45B003C6550 /* RapidBookingApp.swift */,
				063AFB4B29EDC45B003C6550 /* ContentView.swift */,
				063AFB4D29EDC47E003C6550 /* Assets.xcassets */,
				063AFB5229EDC47E003C6550 /* Persistence.swift */,
				063AFB5429EDC47E003C6550 /* RapidBooking.xcdatamodeld */,
				063AFB4F29EDC47E003C6550 /* Preview Content */,
			);
			path = RapidBooking;
			sourceTree = "<group>";
		};
		063AFB4F29EDC47E003C6550 /* Preview Content */ = {
			isa = PBXGroup;
			children = (
				063AFB5029EDC47E003C6550 /* Preview Assets.xcassets */,
			);
			path = "Preview Content";
			sourceTree = "<group>";
		};
		063AFB5E29EDC47F003C6550 /* RapidBookingTests */ = {
			isa = PBXGroup;
			children = (
				063AFB5F29EDC47F003C6550 /* RapidBookingTests.swift */,
			);
			path = RapidBookingTests;
			sourceTree = "<group>";
		};
		063AFB6829EDC47F003C6550 /* RapidBookingUITests */ = {
			isa = PBXGroup;
			children = (
				063AFB6929EDC47F003C6550 /* RapidBookingUITests.swift */,
				063AFB6B29EDC47F003C6550 /* RapidBookingUITestsLaunchTests.swift */,
			);
			path = RapidBookingUITests;
			sourceTree = "<group>";
		};
/* End PBXGroup section */

/* Begin PBXNativeTarget section */
		063AFB4529EDC45B003C6550 /* RapidBooking */ = {
			isa = PBXNativeTarget;
			buildConfigurationList = 063AFB6F29EDC47F003C6550 /* Build configuration list for PBXNativeTarget "RapidBooking" */;
			buildPhases = (
				063AFB4229EDC45B003C6550 /* Sources */,
				063AFB4329EDC45B003C6550 /* Frameworks */,
				063AFB4429EDC45B003C6550 /* Resources */,
			);
			buildRules = (
			);
			dependencies = (
			);
			name = RapidBooking;
			productName = RapidBooking;
			productReference = 063AFB4629EDC45B003C6550 /* RapidBooking.app */;
			productType = "com.apple.product-type.application";
		};
		063AFB5A29EDC47F003C6550 /* RapidBookingTests */ = {
			isa = PBXNativeTarget;
			buildConfigurationList = 063AFB7229EDC47F003C6550 /* Build configuration list for PBXNativeTarget "RapidBookingTests" */;
			buildPhases = (
				063AFB5729EDC47F003C6550 /* Sources */,
				063AFB5829EDC47F003C6550 /* Frameworks */,
				063AFB5929EDC47F003C6550 /* Resources */,
			);
			buildRules = (
			);
			dependencies = (
				063AFB5D29EDC47F003C6550 /* PBXTargetDependency */,
			);
			name = RapidBookingTests;
			productName = RapidBookingTests;
			productReference = 063AFB5B29EDC47F003C6550 /* RapidBookingTests.xctest */;
			productType = "com.apple.product-type.bundle.unit-test";
		};
		063AFB6429EDC47F003C6550 /* RapidBookingUITests */ = {
			isa = PBXNativeTarget;
			buildConfigurationList = 063AFB7529EDC47F003C6550 /* Build configuration list for PBXNativeTarget "RapidBookingUITests" */;
			buildPhases = (
				063AFB6129EDC47F003C6550 /* Sources */,
				063AFB6229EDC47F003C6550 /* Frameworks */,
				063AFB6329EDC47F003C6550 /* Resources */,
			);
			buildRules = (
			);
			dependencies = (
				063AFB6729EDC47F003C6550 /* PBXTargetDependency */,
			);
			name = RapidBookingUITests;
			productName = RapidBookingUITests;
			productReference = 063AFB6529EDC47F003C6550 /* RapidBookingUITests.xctest */;
			productType = "com.apple.product-type.bundle.ui-testing";
		};
/* End PBXNativeTarget section */

/* Begin PBXProject section */
		063AFB3E29EDC45B003C6550 /* Project object */ = {
			isa = PBXProject;
			attributes = {
				BuildIndependentTargetsInParallel = 1;
				LastSwiftUpdateCheck = 1320;
				LastUpgradeCheck = 1320;
				TargetAttributes = {
					063AFB4529EDC45B003C6550 = {
						CreatedOnToolsVersion = 13.2.1;
					};
					063AFB5A29EDC47F003C6550 = {
						CreatedOnToolsVersion = 13.2.1;
						TestTargetID = 063AFB4529EDC45B003C6550;
					};
					063AFB6429EDC47F003C6550 = {
						CreatedOnToolsVersion = 13.2.1;
						TestTargetID = 063AFB4529EDC45B003C6550;
					};
				};
			};
			buildConfigurationList = 063AFB4129EDC45B003C6550 /* Build configuration list for PBXProject "RapidBooking" */;
			compatibilityVersion = "Xcode 13.0";
			developmentRegion = en;
			hasScannedForEncodings = 0;
			knownRegions = (
				en,
				Base,
			);
			mainGroup = 063AFB3D29EDC45B003C6550;
			productRefGroup = 063AFB4729EDC45B003C6550 /* Products */;
			projectDirPath = "";
			projectRoot = "";
			targets = (
				063AFB4529EDC45B003C6550 /* RapidBooking */,
				063AFB5A29EDC47F003C6550 /* RapidBookingTests */,
				063AFB6429EDC47F003C6550 /* RapidBookingUITests */,
			);
		};
/* End PBXProject section */

/* Begin PBXResourcesBuildPhase section */
		063AFB4429EDC45B003C6550 /* Resources */ = {
			isa = PBXResourcesBuildPhase;
			buildActionMask = 2147483647;
			files = (
				063AFB5129EDC47E003C6550 /* Preview Assets.xcassets in Resources */,
				063AFB4E29EDC47E003C6550 /* Assets.xcassets in Resources */,
			);
			runOnlyForDeploymentPostprocessing = 0;
		};
		063AFB5929EDC47F003C6550 /* Resources */ = {
			isa = PBXResourcesBuildPhase;
			buildActionMask = 2147483647;
			files = (
			);
			runOnlyForDeploymentPostprocessing = 0;
		};
		063AFB6329EDC47F003C6550 /* Resources */ = {
			isa = PBXResourcesBuildPhase;
			buildActionMask = 2147483647;
			files = (
			);
			runOnlyForDeploymentPostprocessing = 0;
		};
/* End PBXResourcesBuildPhase section */

/* Begin PBXSourcesBuildPhase section */
		063AFB4229EDC45B003C6550 /* Sources */ = {
			isa = PBXSourcesBuildPhase;
			buildActionMask = 2147483647;
			files = (
				063AFB5329EDC47E003C6550 /* Persistence.swift in Sources */,
				063AFB4C29EDC45B003C6550 /* ContentView.swift in Sources */,
				063AFB5629EDC47E003C6550 /* RapidBooking.xcdatamodeld in Sources */,
				063AFB4A29EDC45B003C6550 /* RapidBookingApp.swift in Sources */,
			);
			runOnlyForDeploymentPostprocessing = 0;
		};
		063AFB5729EDC47F003C6550 /* Sources */ = {
			isa = PBXSourcesBuildPhase;
			buildActionMask = 2147483647;
			files = (
				063AFB6029EDC47F003C6550 /* RapidBookingTests.swift in Sources */,
			);
			runOnlyForDeploymentPostprocessing = 0;
		};
		063AFB6129EDC47F003C6550 /* Sources */ = {
			isa = PBXSourcesBuildPhase;
			buildActionMask = 2147483647;
			files = (
				063AFB6A29EDC47F003C6550 /* RapidBookingUITests.swift in Sources */,
				063AFB6C29EDC47F003C6550 /* RapidBookingUITestsLaunchTests.swift in Sources */,
			);
			runOnlyForDeploymentPostprocessing = 0;
		};
/* End PBXSourcesBuildPhase section */

/* Begin PBXTargetDependency section */
		063AFB5D29EDC47F003C6550 /* PBXTargetDependency */ = {
			isa = PBXTargetDependency;
			target = 063AFB4529EDC45B003C6550 /* RapidBooking */;
			targetProxy = 063AFB5C29EDC47F003C6550 /* PBXContainerItemProxy */;
		};
		063AFB6729EDC47F003C6550 /* PBXTargetDependency */ = {
			isa = PBXTargetDependency;
			target = 063AFB4529EDC45B003C6550 /* RapidBooking */;
			targetProxy = 063AFB6629EDC47F003C6550 /* PBXContainerItemProxy */;
		};
/* End PBXTargetDependency section */

/* Begin XCBuildConfiguration section */
		063AFB6D29EDC47F003C6550 /* Debug */ = {
			isa = XCBuildConfiguration;
			buildSettings = {
				ALWAYS_SEARCH_USER_PATHS = NO;
				CLANG_ANALYZER_NONNULL = YES;
				CLANG_ANALYZER_NUMBER_OBJECT_CONVERSION = YES_AGGRESSIVE;
				CLANG_CXX_LANGUAGE_STANDARD = "gnu++17";
				CLANG_CXX_LIBRARY = "libc++";
				CLANG_ENABLE_MODULES = YES;
				CLANG_ENABLE_OBJC_ARC = YES;
				CLANG_ENABLE_OBJC_WEAK = YES;
				CLANG_WARN_BLOCK_CAPTURE_AUTORELEASING = YES;
				CLANG_WARN_BOOL_CONVERSION = YES;
				CLANG_WARN_COMMA = YES;
				CLANG_WARN_CONSTANT_CONVERSION = YES;
				CLANG_WARN_DEPRECATED_OBJC_IMPLEMENTATIONS = YES;
				CLANG_WARN_DIRECT_OBJC_ISA_USAGE = YES_ERROR;
				CLANG_WARN_DOCUMENTATION_COMMENTS = YES;
				CLANG_WARN_EMPTY_BODY = YES;
				CLANG_WARN_ENUM_CONVERSION = YES;
				CLANG_WARN_INFINITE_RECURSION = YES;
				CLANG_WARN_INT_CONVERSION = YES;
				CLANG_WARN_NON_LITERAL_NULL_CONVERSION = YES;
				CLANG_WARN_OBJC_IMPLICIT_RETAIN_SELF = YES;
				CLANG_WARN_OBJC_LITERAL_CONVERSION = YES;
				CLANG_WARN_OBJC_ROOT_CLASS = YES_ERROR;
				CLANG_WARN_QUOTED_INCLUDE_IN_FRAMEWORK_HEADER = YES;
				CLANG_WARN_RANGE_LOOP_ANALYSIS = YES;
				CLANG_WARN_STRICT_PROTOTYPES = YES;
				CLANG_WARN_SUSPICIOUS_MOVE = YES;
				CLANG_WARN_UNGUARDED_AVAILABILITY = YES_AGGRESSIVE;
				CLANG_WARN_UNREACHABLE_CODE = YES;
				CLANG_WARN__DUPLICATE_METHOD_MATCH = YES;
				COPY_PHASE_STRIP = NO;
				DEBUG_INFORMATION_FORMAT = dwarf;
				ENABLE_STRICT_OBJC_MSGSEND = YES;
				ENABLE_TESTABILITY = YES;
				GCC_C_LANGUAGE_STANDARD = gnu11;
				GCC_DYNAMIC_NO_PIC = NO;
				GCC_NO_COMMON_BLOCKS = YES;
				GCC_OPTIMIZATION_LEVEL = 0;
				GCC_PREPROCESSOR_DEFINITIONS = (
					"DEBUG=1",
					"$(inherited)",
				);
				GCC_WARN_64_TO_32_BIT_CONVERSION = YES;
				GCC_WARN_ABOUT_RETURN_TYPE = YES_ERROR;
				GCC_WARN_UNDECLARED_SELECTOR = YES;
				GCC_WARN_UNINITIALIZED_AUTOS = YES_AGGRESSIVE;
				GCC_WARN_UNUSED_FUNCTION = YES;
				GCC_WARN_UNUSED_VARIABLE = YES;
				IPHONEOS_DEPLOYMENT_TARGET = 15.2;
				MTL_ENABLE_DEBUG_INFO = INCLUDE_SOURCE;
				MTL_FAST_MATH = YES;
				ONLY_ACTIVE_ARCH = YES;
				SDKROOT = iphoneos;
				SWIFT_ACTIVE_COMPILATION_CONDITIONS = DEBUG;
				SWIFT_OPTIMIZATION_LEVEL = "-Onone";
			};
			name = Debug;
		};
		063AFB6E29EDC47F003C6550 /* Release */ = {
			isa = XCBuildConfiguration;
			buildSettings = {
				ALWAYS_SEARCH_USER_PATHS = NO;
				CLANG_ANALYZER_NONNULL = YES;
				CLANG_ANALYZER_NUMBER_OBJECT_CONVERSION = YES_AGGRESSIVE;
				CLANG_CXX_LANGUAGE_STANDARD = "gnu++17";
				CLANG_CXX_LIBRARY = "libc++";
				CLANG_ENABLE_MODULES = YES;
				CLANG_ENABLE_OBJC_ARC = YES;
				CLANG_ENABLE_OBJC_WEAK = YES;
				CLANG_WARN_BLOCK_CAPTURE_AUTORELEASING = YES;
				CLANG_WARN_BOOL_CONVERSION = YES;
				CLANG_WARN_COMMA = YES;
				CLANG_WARN_CONSTANT_CONVERSION = YES;
				CLANG_WARN_DEPRECATED_OBJC_IMPLEMENTATIONS = YES;
				CLANG_WARN_DIRECT_OBJC_ISA_USAGE = YES_ERROR;
				CLANG_WARN_DOCUMENTATION_COMMENTS = YES;
				CLANG_WARN_EMPTY_BODY = YES;
				CLANG_WARN_ENUM_CONVERSION = YES;
				CLANG_WARN_INFINITE_RECURSION = YES;
				CLANG_WARN_INT_CONVERSION = YES;
				CLANG_WARN_NON_LITERAL_NULL_CONVERSION = YES;
				CLANG_WARN_OBJC_IMPLICIT_RETAIN_SELF = YES;
				CLANG_WARN_OBJC_LITERAL_CONVERSION = YES;
				CLANG_WARN_OBJC_ROOT_CLASS = YES_ERROR;
				CLANG_WARN_QUOTED_INCLUDE_IN_FRAMEWORK_HEADER = YES;
				CLANG_WARN_RANGE_LOOP_ANALYSIS = YES;
				CLANG_WARN_STRICT_PROTOTYPES = YES;
				CLANG_WARN_SUSPICIOUS_MOVE = YES;
				CLANG_WARN_UNGUARDED_AVAILABILITY = YES_AGGRESSIVE;
				CLANG_WARN_UNREACHABLE_CODE = YES;
				CLANG_WARN__DUPLICATE_METHOD_MATCH = YES;
				COPY_PHASE_STRIP = NO;
				DEBUG_INFORMATION_FORMAT = "dwarf-with-dsym";
				ENABLE_NS_ASSERTIONS = NO;
				ENABLE_STRICT_OBJC_MSGSEND = YES;
				GCC_C_LANGUAGE_STANDARD = gnu11;
				GCC_NO_COMMON_BLOCKS = YES;
				GCC_WARN_64_TO_32_BIT_CONVERSION = YES;
				GCC_WARN_ABOUT_RETURN_TYPE = YES_ERROR;
				GCC_WARN_UNDECLARED_SELECTOR = YES;
				GCC_WARN_UNINITIALIZED_AUTOS = YES_AGGRESSIVE;
				GCC_WARN_UNUSED_FUNCTION = YES;
				GCC_WARN_UNUSED_VARIABLE = YES;
				IPHONEOS_DEPLOYMENT_TARGET = 15.2;
				MTL_ENABLE_DEBUG_INFO = NO;
				MTL_FAST_MATH = YES;
				SDKROOT = iphoneos;
				SWIFT_COMPILATION_MODE = wholemodule;
				SWIFT_OPTIMIZATION_LEVEL = "-O";
				VALIDATE_PRODUCT = YES;
			};
			name = Release;
		};
		063AFB7029EDC47F003C6550 /* Debug */ = {
			isa = XCBuildConfiguration;
			buildSettings = {
				ASSETCATALOG_COMPILER_APPICON_NAME = AppIcon;
				ASSETCATALOG_COMPILER_GLOBAL_ACCENT_COLOR_NAME = AccentColor;
				CODE_SIGN_STYLE = Automatic;
				CURRENT_PROJECT_VERSION = 1;
				DEVELOPMENT_ASSET_PATHS = "\"RapidBooking/Preview Content\"";
				DEVELOPMENT_TEAM = 9FGVTTM39Q;
				ENABLE_PREVIEWS = YES;
				GENERATE_INFOPLIST_FILE = YES;
				INFOPLIST_KEY_UIApplicationSceneManifest_Generation = YES;
				INFOPLIST_KEY_UIApplicationSupportsIndirectInputEvents = YES;
				INFOPLIST_KEY_UILaunchScreen_Generation = YES;
				INFOPLIST_KEY_UISupportedInterfaceOrientations_iPad = "UIInterfaceOrientationPortrait UIInterfaceOrientationPortraitUpsideDown UIInterfaceOrientationLandscapeLeft UIInterfaceOrientationLandscapeRight";
				INFOPLIST_KEY_UISupportedInterfaceOrientations_iPhone = "UIInterfaceOrientationPortrait UIInterfaceOrientationLandscapeLeft UIInterfaceOrientationLandscapeRight";
				LD_RUNPATH_SEARCH_PATHS = (
					"$(inherited)",
					"@executable_path/Frameworks",
				);
				MARKETING_VERSION = 1.0;
				PRODUCT_BUNDLE_IDENTIFIER = "-234.RapidBooking";
				PRODUCT_NAME = "$(TARGET_NAME)";
				SWIFT_EMIT_LOC_STRINGS = YES;
				SWIFT_VERSION = 5.0;
				TARGETED_DEVICE_FAMILY = "1,2";
			};
			name = Debug;
		};
		063AFB7129EDC47F003C6550 /* Release */ = {
			isa = XCBuildConfiguration;
			buildSettings = {
				ASSETCATALOG_COMPILER_APPICON_NAME = AppIcon;
				ASSETCATALOG_COMPILER_GLOBAL_ACCENT_COLOR_NAME = AccentColor;
				CODE_SIGN_STYLE = Automatic;
				CURRENT_PROJECT_VERSION = 1;
				DEVELOPMENT_ASSET_PATHS = "\"RapidBooking/Preview Content\"";
				DEVELOPMENT_TEAM = 9FGVTTM39Q;
				ENABLE_PREVIEWS = YES;
				GENERATE_INFOPLIST_FILE = YES;
				INFOPLIST_KEY_UIApplicationSceneManifest_Generation = YES;
				INFOPLIST_KEY_UIApplicationSupportsIndirectInputEvents = YES;
				INFOPLIST_KEY_UILaunchScreen_Generation = YES;
				INFOPLIST_KEY_UISupportedInterfaceOrientations_iPad = "UIInterfaceOrientationPortrait UIInterfaceOrientationPortraitUpsideDown UIInterfaceOrientationLandscapeLeft UIInterfaceOrientationLandscapeRight";
				INFOPLIST_KEY_UISupportedInterfaceOrientations_iPhone = "UIInterfaceOrientationPortrait UIInterfaceOrientationLandscapeLeft UIInterfaceOrientationLandscapeRight";
				LD_RUNPATH_SEARCH_PATHS = (
					"$(inherited)",
					"@executable_path/Frameworks",
				);
				MARKETING_VERSION = 1.0;
				PRODUCT_BUNDLE_IDENTIFIER = "-234.RapidBooking";
				PRODUCT_NAME = "$(TARGET_NAME)";
				SWIFT_EMIT_LOC_STRINGS = YES;
				SWIFT_VERSION = 5.0;
				TARGETED_DEVICE_FAMILY = "1,2";
			};
			name = Release;
		};
		063AFB7329EDC47F003C6550 /* Debug */ = {
			isa = XCBuildConfiguration;
			buildSettings = {
				ALWAYS_EMBED_SWIFT_STANDARD_LIBRARIES = YES;
				BUNDLE_LOADER = "$(TEST_HOST)";
				CODE_SIGN_STYLE = Automatic;
				CURRENT_PROJECT_VERSION = 1;
				DEVELOPMENT_TEAM = 9FGVTTM39Q;
				GENERATE_INFOPLIST_FILE = YES;
				IPHONEOS_DEPLOYMENT_TARGET = 15.2;
				MARKETING_VERSION = 1.0;
				PRODUCT_BUNDLE_IDENTIFIER = "-234.RapidBookingTests";
				PRODUCT_NAME = "$(TARGET_NAME)";
				SWIFT_EMIT_LOC_STRINGS = NO;
				SWIFT_VERSION = 5.0;
				TARGETED_DEVICE_FAMILY = "1,2";
				TEST_HOST = "$(BUILT_PRODUCTS_DIR)/RapidBooking.app/RapidBooking";
			};
			name = Debug;
		};
		063AFB7429EDC47F003C6550 /* Release */ = {
			isa = XCBuildConfiguration;
			buildSettings = {
				ALWAYS_EMBED_SWIFT_STANDARD_LIBRARIES = YES;
				BUNDLE_LOADER = "$(TEST_HOST)";
				CODE_SIGN_STYLE = Automatic;
				CURRENT_PROJECT_VERSION = 1;
				DEVELOPMENT_TEAM = 9FGVTTM39Q;
				GENERATE_INFOPLIST_FILE = YES;
				IPHONEOS_DEPLOYMENT_TARGET = 15.2;
				MARKETING_VERSION = 1.0;
				PRODUCT_BUNDLE_IDENTIFIER = "-234.RapidBookingTests";
				PRODUCT_NAME = "$(TARGET_NAME)";
				SWIFT_EMIT_LOC_STRINGS = NO;
				SWIFT_VERSION = 5.0;
				TARGETED_DEVICE_FAMILY = "1,2";
				TEST_HOST = "$(BUILT_PRODUCTS_DIR)/RapidBooking.app/RapidBooking";
			};
			name = Release;
		};
		063AFB7629EDC47F003C6550 /* Debug */ = {
			isa = XCBuildConfiguration;
			buildSettings = {
				ALWAYS_EMBED_SWIFT_STANDARD_LIBRARIES = YES;
				CODE_SIGN_STYLE = Automatic;
				CURRENT_PROJECT_VERSION = 1;
				DEVELOPMENT_TEAM = 9FGVTTM39Q;
				GENERATE_INFOPLIST_FILE = YES;
				MARKETING_VERSION = 1.0;
				PRODUCT_BUNDLE_IDENTIFIER = "-234.RapidBookingUITests";
				PRODUCT_NAME = "$(TARGET_NAME)";
				SWIFT_EMIT_LOC_STRINGS = NO;
				SWIFT_VERSION = 5.0;
				TARGETED_DEVICE_FAMILY = "1,2";
				TEST_TARGET_NAME = RapidBooking;
			};
			name = Debug;
		};
		063AFB7729EDC47F003C6550 /* Release */ = {
			isa = XCBuildConfiguration;
			buildSettings = {
				ALWAYS_EMBED_SWIFT_STANDARD_LIBRARIES = YES;
				CODE_SIGN_STYLE = Automatic;
				CURRENT_PROJECT_VERSION = 1;
				DEVELOPMENT_TEAM = 9FGVTTM39Q;
				GENERATE_INFOPLIST_FILE = YES;
				MARKETING_VERSION = 1.0;
				PRODUCT_BUNDLE_IDENTIFIER = "-234.RapidBookingUITests";
				PRODUCT_NAME = "$(TARGET_NAME)";
				SWIFT_EMIT_LOC_STRINGS = NO;
				SWIFT_VERSION = 5.0;
				TARGETED_DEVICE_FAMILY = "1,2";
				TEST_TARGET_NAME = RapidBooking;
			};
			name = Release;
		};
/* End XCBuildConfiguration section */

/* Begin XCConfigurationList section */
		063AFB4129EDC45B003C6550 /* Build configuration list for PBXProject "RapidBooking" */ = {
			isa = XCConfigurationList;
			buildConfigurations = (
				063AFB6D29EDC47F003C6550 /* Debug */,
				063AFB6E29EDC47F003C6550 /* Release */,
			);
			defaultConfigurationIsVisible = 0;
			defaultConfigurationName = Release;
		};
		063AFB6F29EDC47F003C6550 /* Build configuration list for PBXNativeTarget "RapidBooking" */ = {
			isa = XCConfigurationList;
			buildConfigurations = (
				063AFB7029EDC47F003C6550 /* Debug */,
				063AFB7129EDC47F003C6550 /* Release */,
			);
			defaultConfigurationIsVisible = 0;
			defaultConfigurationName = Release;
		};
		063AFB7229EDC47F003C6550 /* Build configuration list for PBXNativeTarget "RapidBookingTests" */ = {
			isa = XCConfigurationList;
			buildConfigurations = (
				063AFB7329EDC47F003C6550 /* Debug */,
				063AFB7429EDC47F003C6550 /* Release */,
			);
			defaultConfigurationIsVisible = 0;
			defaultConfigurationName = Release;
		};
		063AFB7529EDC47F003C6550 /* Build configuration list for PBXNativeTarget "RapidBookingUITests" */ = {
			isa = XCConfigurationList;
			buildConfigurations = (
				063AFB7629EDC47F003C6550 /* Debug */,
				063AFB7729EDC47F003C6550 /* Release */,
			);
			defaultConfigurationIsVisible = 0;
			defaultConfigurationName = Release;
		};
/* End XCConfigurationList section */

/* Begin XCVersionGroup section */
		063AFB5429EDC47E003C6550 /* RapidBooking.xcdatamodeld */ = {
			isa = XCVersionGroup;
			children = (
				063AFB5529EDC47E003C6550 /* RapidBooking.xcdatamodel */,
			);
			currentVersion = 063AFB5529EDC47E003C6550 /* RapidBooking.xcdatamodel */;
			path = RapidBooking.xcdatamodeld;
			sourceTree = "<group>";
			versionGroupType = wrapper.xcdatamodel;
		};
/* End XCVersionGroup section */
	};
	rootObject = 063AFB3E29EDC45B003C6550 /* Project object */;
}
